
Microsoft Visual Studio Solution File, Format Version 12.00
# Visual Studio Version 16
VisualStudioVersion = 16.0.31410.357
MinimumVisualStudioVersion = 10.0.40219.1
Project("{FAE04EC0-301F-11D3-BF4B-00C04F79EFBC}") = "FallGuyMatchHistory.Engine", "FallGuyMatchHistory.Engine\FallGuyMatchHistory.Engine.csproj", "{D7546866-AA12-4F46-B104-9961DA0CD515}"
EndProject
Project("{FAE04EC0-301F-11D3-BF4B-00C04F79EFBC}") = "FallGuyMatchHistory.Contracts", "FallGuyMatchHistory.Contracts\FallGuyMatchHistory.Contracts.csproj", "{57A9E04A-A8F5-4ECE-9F6E-68511520133D}"
EndProject
Project("{FAE04EC0-301F-11D3-BF4B-00C04F79EFBC}") = "ConsoleMatchHistory", "ConsoleMatchHistory\ConsoleMatchHistory.csproj", "{FA75CBD0-ECBD-48A6-83F3-6EF71EC4C206}"
EndProject
Project("{2150E333-8FDC-42A3-9474-1A3956D46DE8}") = "Solution Items", "Solution Items", "{73809244-8B25-41A2-9A02-80C3D590C0A5}"
EndProject
Global
	GlobalSection(SolutionConfigurationPlatforms) = preSolution
		Debug|Any CPU = Debug|Any CPU
		Release|Any CPU = Release|Any CPU
	EndGlobalSection
	GlobalSection(ProjectConfigurationPlatforms) = postSolution
		{D7546866-AA12-4F46-B104-9961DA0CD515}.Debug|Any CPU.ActiveCfg = Debug|Any CPU
		{D7546866-AA12-4F46-B104-9961DA0CD515}.Debug|Any CPU.Build.0 = Debug|Any CPU
		{D7546866-AA12-4F46-B104-9961DA0CD515}.Release|Any CPU.ActiveCfg = Release|Any CPU
		{D7546866-AA12-4F46-B104-9961DA0CD515}.Release|Any CPU.Build.0 = Release|Any CPU
		{57A9E04A-A8F5-4ECE-9F6E-68511520133D}.Debug|Any CPU.ActiveCfg = Debug|Any CPU
		{57A9E04A-A8F5-4ECE-9F6E-68511520133D}.Debug|Any CPU.Build.0 = Debug|Any CPU
		{57A9E04A-A8F5-4ECE-9F6E-68511520133D}.Release|Any CPU.ActiveCfg = Release|Any CPU
		{57A9E04A-A8F5-4ECE-9F6E-68511520133D}.Release|Any CPU.Build.0 = Release|Any CPU
		{FA75CBD0-ECBD-48A6-83F3-6EF71EC4C206}.Debug|Any CPU.ActiveCfg = Debug|Any CPU
		{FA75CBD0-ECBD-48A6-83F3-6EF71EC4C206}.Debug|Any CPU.Build.0 = Debug|Any CPU
		{FA75CBD0-ECBD-48A6-83F3-6EF71EC4C206}.Release|Any CPU.ActiveCfg = Release|Any CPU
		{FA75CBD0-ECBD-48A6-83F3-6EF71EC4C206}.Release|Any CPU.Build.0 = Release|Any CPU
	EndGlobalSection
	GlobalSection(SolutionProperties) = preSolution
		HideSolutionNode = FALSE
	EndGlobalSection
	GlobalSection(ExtensibilityGlobals) = postSolution
		SolutionGuid = {DE38C290-4A9E-4398-A0E7-1BC535F0FAD7}
	EndGlobalSection
EndGlobal
